
Microsoft Visual Studio Solution File, Format Version 12.00
# Visual Studio 15
VisualStudioVersion = 15.0.27428.1
MinimumVisualStudioVersion = 10.0.40219.1
Project("{FAE04EC0-301F-11D3-BF4B-00C04F79EFBC}") = "ClassBussines", "ClassBussines\ClassBussines.csproj", "{9892A7C6-1AD2-49D3-866C-24FC81117BF4}"
EndProject
Project("{FAE04EC0-301F-11D3-BF4B-00C04F79EFBC}") = "ClassConection", "..\ClassConnection\ClassConection\ClassConection.csproj", "{BF41FA00-5563-4134-BDE8-FE6B95CC4DAD}"
EndProject
Project("{FAE04EC0-301F-11D3-BF4B-00C04F79EFBC}") = "BasicJS", "..\BasicJS\BasicJS\BasicJS.csproj", "{C541FCAE-2989-4EE6-92B3-E57B4B76C8EA}"
EndProject
Global
	GlobalSection(SolutionConfigurationPlatforms) = preSolution
		Debug|Any CPU = Debug|Any CPU
		Release|Any CPU = Release|Any CPU
	EndGlobalSection
	GlobalSection(ProjectConfigurationPlatforms) = postSolution
		{9892A7C6-1AD2-49D3-866C-24FC81117BF4}.Debug|Any CPU.ActiveCfg = Debug|Any CPU
		{9892A7C6-1AD2-49D3-866C-24FC81117BF4}.Debug|Any CPU.Build.0 = Debug|Any CPU
		{9892A7C6-1AD2-49D3-866C-24FC81117BF4}.Release|Any CPU.ActiveCfg = Release|Any CPU
		{9892A7C6-1AD2-49D3-866C-24FC81117BF4}.Release|Any CPU.Build.0 = Release|Any CPU
		{BF41FA00-5563-4134-BDE8-FE6B95CC4DAD}.Debug|Any CPU.ActiveCfg = Debug|Any CPU
		{BF41FA00-5563-4134-BDE8-FE6B95CC4DAD}.Debug|Any CPU.Build.0 = Debug|Any CPU
		{BF41FA00-5563-4134-BDE8-FE6B95CC4DAD}.Release|Any CPU.ActiveCfg = Release|Any CPU
		{BF41FA00-5563-4134-BDE8-FE6B95CC4DAD}.Release|Any CPU.Build.0 = Release|Any CPU
		{C541FCAE-2989-4EE6-92B3-E57B4B76C8EA}.Debug|Any CPU.ActiveCfg = Debug|Any CPU
		{C541FCAE-2989-4EE6-92B3-E57B4B76C8EA}.Debug|Any CPU.Build.0 = Debug|Any CPU
		{C541FCAE-2989-4EE6-92B3-E57B4B76C8EA}.Release|Any CPU.ActiveCfg = Release|Any CPU
		{C541FCAE-2989-4EE6-92B3-E57B4B76C8EA}.Release|Any CPU.Build.0 = Release|Any CPU
	EndGlobalSection
	GlobalSection(SolutionProperties) = preSolution
		HideSolutionNode = FALSE
	EndGlobalSection
	GlobalSection(ExtensibilityGlobals) = postSolution
		SolutionGuid = {0297EFC9-0912-4AA7-A411-9EE3E70AF21D}
	EndGlobalSection
EndGlobal
